
Microsoft Visual Studio Solution File, Format Version 12.00
# Visual Studio 15
VisualStudioVersion = 15.0.28307.1585
MinimumVisualStudioVersion = 10.0.40219.1
Project("{FAE04EC0-301F-11D3-BF4B-00C04F79EFBC}") = "JokeApp3", "JokeApp3\JokeApp3.csproj", "{64398D4A-5B57-4908-A5E6-32C8F096513D}"
EndProject
Global
	GlobalSection(SolutionConfigurationPlatforms) = preSolution
		Debug|Any CPU = Debug|Any CPU
		Release|Any CPU = Release|Any CPU
	EndGlobalSection
	GlobalSection(ProjectConfigurationPlatforms) = postSolution
		{64398D4A-5B57-4908-A5E6-32C8F096513D}.Debug|Any CPU.ActiveCfg = Debug|Any CPU
		{64398D4A-5B57-4908-A5E6-32C8F096513D}.Debug|Any CPU.Build.0 = Debug|Any CPU
		{64398D4A-5B57-4908-A5E6-32C8F096513D}.Release|Any CPU.ActiveCfg = Release|Any CPU
		{64398D4A-5B57-4908-A5E6-32C8F096513D}.Release|Any CPU.Build.0 = Release|Any CPU
	EndGlobalSection
	GlobalSection(SolutionProperties) = preSolution
		HideSolutionNode = FALSE
	EndGlobalSection
	GlobalSection(ExtensibilityGlobals) = postSolution
		SolutionGuid = {379F2BEF-AB2E-4F1D-820D-E1D6D0874073}
	EndGlobalSection
EndGlobal
